{
  "object": {
    "pins": [
      {
        "package": "combine-schedulers",
        "repositoryURL": "https://github.com/pointfreeco/combine-schedulers",
        "state": {
          "branch": "0.5.0",
          "revision": "c37e5ae8012fb654af776cc556ff8ae64398c841",
          "version": null
        }
      },
      {
        "package": "swift-collections",
        "repositoryURL": "https://github.com/apple/swift-collections",
        "state": {
          "branch": null,
          "revision": "3426dba9ee5c9f8e4981b0fc9d39a818d36eec28",
          "version": "0.0.4"
        }
      },
      {
        "package": "swift-identified-collections",
        "repositoryURL": "https://github.com/pointfreeco/swift-identified-collections",
        "state": {
          "branch": "0.1.1",
          "revision": "edececbdb56b07e9402f2f3f5b907d220a28b4ea",
          "version": null
        }
      },
      {
        "package": "xctest-dynamic-overlay",
        "repositoryURL": "https://github.com/pointfreeco/xctest-dynamic-overlay",
        "state": {
          "branch": "0.2.0",
          "revision": "b9eeb1a7ea3fd6fea54ce57dee2f5794b667c8df",
          "version": null
        }
      }
    ]
  },
  "version": 1
}
