{
  "object": {
    "pins": [
      {
        "package": "SwiftyBeaver",
        "repositoryURL": "https://github.com/JacksonUtsch/SwiftyBeaver.git",
        "state": {
          "branch": "master",
          "revision": "1da7e86d242dacc06aede0f6428fa262d455d708",
          "version": null
        }
      }
    ]
  },
  "version": 1
}
